
Microsoft Visual Studio Solution File, Format Version 12.00
# Visual Studio 14
VisualStudioVersion = 14.0.25420.1
MinimumVisualStudioVersion = 10.0.40219.1
Project("{FAE04EC0-301F-11D3-BF4B-00C04F79EFBC}") = "KratinPro", "KratinPro\KratinPro.csproj", "{80F42FB2-0F2A-48E6-A101-38260467E05C}"
EndProject
Project("{FAE04EC0-301F-11D3-BF4B-00C04F79EFBC}") = "BusinessRepository", "BusinessRepository\BusinessRepository.csproj", "{2695AECB-7425-4364-A55B-917E1D60EE93}"
EndProject
Project("{FAE04EC0-301F-11D3-BF4B-00C04F79EFBC}") = "DataContext", "DataContext\DataContext.csproj", "{AA1BC735-B532-4F4B-9008-FE973200C535}"
EndProject
Project("{FAE04EC0-301F-11D3-BF4B-00C04F79EFBC}") = "ViewModel", "ViewModel\ViewModel.csproj", "{16D584B7-D702-4451-8D4C-346A95E2ABB3}"
EndProject
Global
	GlobalSection(SolutionConfigurationPlatforms) = preSolution
		Debug|Any CPU = Debug|Any CPU
		Release|Any CPU = Release|Any CPU
	EndGlobalSection
	GlobalSection(ProjectConfigurationPlatforms) = postSolution
		{80F42FB2-0F2A-48E6-A101-38260467E05C}.Debug|Any CPU.ActiveCfg = Debug|Any CPU
		{80F42FB2-0F2A-48E6-A101-38260467E05C}.Debug|Any CPU.Build.0 = Debug|Any CPU
		{80F42FB2-0F2A-48E6-A101-38260467E05C}.Release|Any CPU.ActiveCfg = Release|Any CPU
		{80F42FB2-0F2A-48E6-A101-38260467E05C}.Release|Any CPU.Build.0 = Release|Any CPU
		{2695AECB-7425-4364-A55B-917E1D60EE93}.Debug|Any CPU.ActiveCfg = Debug|Any CPU
		{2695AECB-7425-4364-A55B-917E1D60EE93}.Debug|Any CPU.Build.0 = Debug|Any CPU
		{2695AECB-7425-4364-A55B-917E1D60EE93}.Release|Any CPU.ActiveCfg = Release|Any CPU
		{2695AECB-7425-4364-A55B-917E1D60EE93}.Release|Any CPU.Build.0 = Release|Any CPU
		{AA1BC735-B532-4F4B-9008-FE973200C535}.Debug|Any CPU.ActiveCfg = Debug|Any CPU
		{AA1BC735-B532-4F4B-9008-FE973200C535}.Debug|Any CPU.Build.0 = Debug|Any CPU
		{AA1BC735-B532-4F4B-9008-FE973200C535}.Release|Any CPU.ActiveCfg = Release|Any CPU
		{AA1BC735-B532-4F4B-9008-FE973200C535}.Release|Any CPU.Build.0 = Release|Any CPU
		{16D584B7-D702-4451-8D4C-346A95E2ABB3}.Debug|Any CPU.ActiveCfg = Debug|Any CPU
		{16D584B7-D702-4451-8D4C-346A95E2ABB3}.Debug|Any CPU.Build.0 = Debug|Any CPU
		{16D584B7-D702-4451-8D4C-346A95E2ABB3}.Release|Any CPU.ActiveCfg = Release|Any CPU
		{16D584B7-D702-4451-8D4C-346A95E2ABB3}.Release|Any CPU.Build.0 = Release|Any CPU
	EndGlobalSection
	GlobalSection(SolutionProperties) = preSolution
		HideSolutionNode = FALSE
	EndGlobalSection
EndGlobal
